
Microsoft Visual Studio Solution File, Format Version 12.00
# Visual Studio Version 17
VisualStudioVersion = 17.10.35013.160
MinimumVisualStudioVersion = 10.0.40219.1
Project("{9A19103F-16F7-4668-BE54-9A1E7A4F7556}") = "UserStore", "UserStore\UserStore.csproj", "{C98EE4FE-1BFC-455A-92E8-43B2C703C0EF}"
EndProject
Project("{E53339B2-1760-4266-BCC7-CA923CBCF16C}") = "docker-compose", "docker-compose.dcproj", "{143B41BC-C299-4A2A-A0C2-4C3751F54AA8}"
EndProject
Project("{9A19103F-16F7-4668-BE54-9A1E7A4F7556}") = "TestUserStore", "TestUserStore\TestUserStore.csproj", "{A86F2BBA-F309-40F6-AFD2-AA1F926E00B9}"
EndProject
Global
	GlobalSection(SolutionConfigurationPlatforms) = preSolution
		Debug|Any CPU = Debug|Any CPU
		Release|Any CPU = Release|Any CPU
	EndGlobalSection
	GlobalSection(ProjectConfigurationPlatforms) = postSolution
		{C98EE4FE-1BFC-455A-92E8-43B2C703C0EF}.Debug|Any CPU.ActiveCfg = Debug|Any CPU
		{C98EE4FE-1BFC-455A-92E8-43B2C703C0EF}.Debug|Any CPU.Build.0 = Debug|Any CPU
		{C98EE4FE-1BFC-455A-92E8-43B2C703C0EF}.Release|Any CPU.ActiveCfg = Release|Any CPU
		{C98EE4FE-1BFC-455A-92E8-43B2C703C0EF}.Release|Any CPU.Build.0 = Release|Any CPU
		{143B41BC-C299-4A2A-A0C2-4C3751F54AA8}.Debug|Any CPU.ActiveCfg = Debug|Any CPU
		{143B41BC-C299-4A2A-A0C2-4C3751F54AA8}.Debug|Any CPU.Build.0 = Debug|Any CPU
		{143B41BC-C299-4A2A-A0C2-4C3751F54AA8}.Release|Any CPU.ActiveCfg = Release|Any CPU
		{143B41BC-C299-4A2A-A0C2-4C3751F54AA8}.Release|Any CPU.Build.0 = Release|Any CPU
		{A86F2BBA-F309-40F6-AFD2-AA1F926E00B9}.Debug|Any CPU.ActiveCfg = Debug|Any CPU
		{A86F2BBA-F309-40F6-AFD2-AA1F926E00B9}.Debug|Any CPU.Build.0 = Debug|Any CPU
		{A86F2BBA-F309-40F6-AFD2-AA1F926E00B9}.Release|Any CPU.ActiveCfg = Release|Any CPU
		{A86F2BBA-F309-40F6-AFD2-AA1F926E00B9}.Release|Any CPU.Build.0 = Release|Any CPU
	EndGlobalSection
	GlobalSection(SolutionProperties) = preSolution
		HideSolutionNode = FALSE
	EndGlobalSection
	GlobalSection(ExtensibilityGlobals) = postSolution
		SolutionGuid = {F53293EA-1768-4A1A-A4B0-9C473975FCB6}
	EndGlobalSection
EndGlobal
